
Microsoft Visual Studio Solution File, Format Version 12.00
# Visual Studio Version 17
VisualStudioVersion = 17.4.33403.182
MinimumVisualStudioVersion = 10.0.40219.1
Project("{9A19103F-16F7-4668-BE54-9A1E7A4F7556}") = "Codecool.MarsExploration", "Codecool.MarsExploration\Codecool.MarsExploration.csproj", "{DD2525B6-EEA2-46DF-9276-5FD34104ECA2}"
EndProject
Project("{FAE04EC0-301F-11D3-BF4B-00C04F79EFBC}") = "MarsExplorationTest", "MarsExplorationTest\MarsExplorationTest.csproj", "{D711F9E5-8EB0-458E-80AF-7CDA2318E5C4}"
EndProject
Global
	GlobalSection(SolutionConfigurationPlatforms) = preSolution
		Debug|Any CPU = Debug|Any CPU
		Release|Any CPU = Release|Any CPU
	EndGlobalSection
	GlobalSection(ProjectConfigurationPlatforms) = postSolution
		{DD2525B6-EEA2-46DF-9276-5FD34104ECA2}.Debug|Any CPU.ActiveCfg = Debug|Any CPU
		{DD2525B6-EEA2-46DF-9276-5FD34104ECA2}.Debug|Any CPU.Build.0 = Debug|Any CPU
		{DD2525B6-EEA2-46DF-9276-5FD34104ECA2}.Release|Any CPU.ActiveCfg = Release|Any CPU
		{DD2525B6-EEA2-46DF-9276-5FD34104ECA2}.Release|Any CPU.Build.0 = Release|Any CPU
		{D711F9E5-8EB0-458E-80AF-7CDA2318E5C4}.Debug|Any CPU.ActiveCfg = Debug|Any CPU
		{D711F9E5-8EB0-458E-80AF-7CDA2318E5C4}.Debug|Any CPU.Build.0 = Debug|Any CPU
		{D711F9E5-8EB0-458E-80AF-7CDA2318E5C4}.Release|Any CPU.ActiveCfg = Release|Any CPU
		{D711F9E5-8EB0-458E-80AF-7CDA2318E5C4}.Release|Any CPU.Build.0 = Release|Any CPU
	EndGlobalSection
	GlobalSection(SolutionProperties) = preSolution
		HideSolutionNode = FALSE
	EndGlobalSection
	GlobalSection(ExtensibilityGlobals) = postSolution
		SolutionGuid = {77B73CA1-044A-4E54-80FF-443CE483BD9B}
	EndGlobalSection
EndGlobal
